// !$*UTF8*$!
{
	archiveVersion = 1;
	classes = {
	};
	objectVersion = 60;
	objects = {

/* Begin PBXBuildFile section */
		8841F4382B92E779000C3B58 /* PulsePomodoro Watch App.app in Embed Watch Content */ = {isa = PBXBuildFile; fileRef = 8841F4372B92E779000C3B58 /* PulsePomodoro Watch App.app */; settings = {ATTRIBUTES = (RemoveHeadersOnCopy, ); }; };
		8841F43D2B92E779000C3B58 /* PulsePomodoroApp.swift in Sources */ = {isa = PBXBuildFile; fileRef = 8841F43C2B92E779000C3B58 /* PulsePomodoroApp.swift */; };
		8841F43F2B92E779000C3B58 /* ContentView.swift in Sources */ = {isa = PBXBuildFile; fileRef = 8841F43E2B92E779000C3B58 /* ContentView.swift */; };
		8841F4412B92E77A000C3B58 /* Assets.xcassets in Resources */ = {isa = PBXBuildFile; fileRef = 8841F4402B92E77A000C3B58 /* Assets.xcassets */; };
		8841F4442B92E77A000C3B58 /* Preview Assets.xcassets in Resources */ = {isa = PBXBuildFile; fileRef = 8841F4432B92E77A000C3B58 /* Preview Assets.xcassets */; };
		8841F44E2B92E77A000C3B58 /* PulsePomodoro_Watch_AppTests.swift in Sources */ = {isa = PBXBuildFile; fileRef = 8841F44D2B92E77A000C3B58 /* PulsePomodoro_Watch_AppTests.swift */; };
		8841F4582B92E77A000C3B58 /* PulsePomodoro_Watch_AppUITests.swift in Sources */ = {isa = PBXBuildFile; fileRef = 8841F4572B92E77A000C3B58 /* PulsePomodoro_Watch_AppUITests.swift */; };
		8841F45A2B92E77A000C3B58 /* PulsePomodoro_Watch_AppUITestsLaunchTests.swift in Sources */ = {isa = PBXBuildFile; fileRef = 8841F4592B92E77A000C3B58 /* PulsePomodoro_Watch_AppUITestsLaunchTests.swift */; };
		88E616F52B97DCD8009BEB6F /* PomodoroModel.swift in Sources */ = {isa = PBXBuildFile; fileRef = 88E616F42B97DCD8009BEB6F /* PomodoroModel.swift */; };
		88E616F72B97DD29009BEB6F /* DateModel.swift in Sources */ = {isa = PBXBuildFile; fileRef = 88E616F62B97DD29009BEB6F /* DateModel.swift */; };
		88E616FA2B97DD7E009BEB6F /* HealhKitService.swift in Sources */ = {isa = PBXBuildFile; fileRef = 88E616F92B97DD7E009BEB6F /* HealhKitService.swift */; };
		88E616FC2B97DDB5009BEB6F /* LocalStorageService.swift in Sources */ = {isa = PBXBuildFile; fileRef = 88E616FB2B97DDB5009BEB6F /* LocalStorageService.swift */; };
		88E616FF2B97DE06009BEB6F /* RemainingMinutesView.swift in Sources */ = {isa = PBXBuildFile; fileRef = 88E616FE2B97DE06009BEB6F /* RemainingMinutesView.swift */; };
		88E617052B97E818009BEB6F /* PomodoroResumeView.swift in Sources */ = {isa = PBXBuildFile; fileRef = 88E617042B97E818009BEB6F /* PomodoroResumeView.swift */; };
/* End PBXBuildFile section */

/* Begin PBXContainerItemProxy section */
		8841F4392B92E779000C3B58 /* PBXContainerItemProxy */ = {
			isa = PBXContainerItemProxy;
			containerPortal = 8841F42B2B92E778000C3B58 /* Project object */;
			proxyType = 1;
			remoteGlobalIDString = 8841F4362B92E779000C3B58;
			remoteInfo = "PulsePomodoro Watch App";
		};
		8841F44A2B92E77A000C3B58 /* PBXContainerItemProxy */ = {
			isa = PBXContainerItemProxy;
			containerPortal = 8841F42B2B92E778000C3B58 /* Project object */;
			proxyType = 1;
			remoteGlobalIDString = 8841F4362B92E779000C3B58;
			remoteInfo = "PulsePomodoro Watch App";
		};
		8841F4542B92E77A000C3B58 /* PBXContainerItemProxy */ = {
			isa = PBXContainerItemProxy;
			containerPortal = 8841F42B2B92E778000C3B58 /* Project object */;
			proxyType = 1;
			remoteGlobalIDString = 8841F4362B92E779000C3B58;
			remoteInfo = "PulsePomodoro Watch App";
		};
/* End PBXContainerItemProxy section */

/* Begin PBXCopyFilesBuildPhase section */
		8841F4602B92E77A000C3B58 /* Embed Watch Content */ = {
			isa = PBXCopyFilesBuildPhase;
			buildActionMask = 2147483647;
			dstPath = "$(CONTENTS_FOLDER_PATH)/Watch";
			dstSubfolderSpec = 16;
			files = (
				8841F4382B92E779000C3B58 /* PulsePomodoro Watch App.app in Embed Watch Content */,
			);
			name = "Embed Watch Content";
			runOnlyForDeploymentPostprocessing = 0;
		};
/* End PBXCopyFilesBuildPhase section */

/* Begin PBXFileReference section */
		8841F4312B92E778000C3B58 /* PulsePomodoro.app */ = {isa = PBXFileReference; explicitFileType = wrapper.application; includeInIndex = 0; path = PulsePomodoro.app; sourceTree = BUILT_PRODUCTS_DIR; };
		8841F4372B92E779000C3B58 /* PulsePomodoro Watch App.app */ = {isa = PBXFileReference; explicitFileType = wrapper.application; includeInIndex = 0; path = "PulsePomodoro Watch App.app"; sourceTree = BUILT_PRODUCTS_DIR; };
		8841F43C2B92E779000C3B58 /* PulsePomodoroApp.swift */ = {isa = PBXFileReference; lastKnownFileType = sourcecode.swift; path = PulsePomodoroApp.swift; sourceTree = "<group>"; };
		8841F43E2B92E779000C3B58 /* ContentView.swift */ = {isa = PBXFileReference; lastKnownFileType = sourcecode.swift; path = ContentView.swift; sourceTree = "<group>"; };
		8841F4402B92E77A000C3B58 /* Assets.xcassets */ = {isa = PBXFileReference; lastKnownFileType = folder.assetcatalog; path = Assets.xcassets; sourceTree = "<group>"; };
		8841F4432B92E77A000C3B58 /* Preview Assets.xcassets */ = {isa = PBXFileReference; lastKnownFileType = folder.assetcatalog; path = "Preview Assets.xcassets"; sourceTree = "<group>"; };
		8841F4492B92E77A000C3B58 /* PulsePomodoro Watch AppTests.xctest */ = {isa = PBXFileReference; explicitFileType = wrapper.cfbundle; includeInIndex = 0; path = "PulsePomodoro Watch AppTests.xctest"; sourceTree = BUILT_PRODUCTS_DIR; };
		8841F44D2B92E77A000C3B58 /* PulsePomodoro_Watch_AppTests.swift */ = {isa = PBXFileReference; lastKnownFileType = sourcecode.swift; path = PulsePomodoro_Watch_AppTests.swift; sourceTree = "<group>"; };
		8841F4532B92E77A000C3B58 /* PulsePomodoro Watch AppUITests.xctest */ = {isa = PBXFileReference; explicitFileType = wrapper.cfbundle; includeInIndex = 0; path = "PulsePomodoro Watch AppUITests.xctest"; sourceTree = BUILT_PRODUCTS_DIR; };
		8841F4572B92E77A000C3B58 /* PulsePomodoro_Watch_AppUITests.swift */ = {isa = PBXFileReference; lastKnownFileType = sourcecode.swift; path = PulsePomodoro_Watch_AppUITests.swift; sourceTree = "<group>"; };
		8841F4592B92E77A000C3B58 /* PulsePomodoro_Watch_AppUITestsLaunchTests.swift */ = {isa = PBXFileReference; lastKnownFileType = sourcecode.swift; path = PulsePomodoro_Watch_AppUITestsLaunchTests.swift; sourceTree = "<group>"; };
		88A8C16B2B966DA300B20D66 /* PulsePomodoro Watch App.entitlements */ = {isa = PBXFileReference; lastKnownFileType = text.plist.entitlements; path = "PulsePomodoro Watch App.entitlements"; sourceTree = "<group>"; };
		88A8C16F2B9689A600B20D66 /* PulsePomodoro-Watch-App-Info.plist */ = {isa = PBXFileReference; lastKnownFileType = text.plist; path = "PulsePomodoro-Watch-App-Info.plist"; sourceTree = SOURCE_ROOT; };
		88E616F42B97DCD8009BEB6F /* PomodoroModel.swift */ = {isa = PBXFileReference; lastKnownFileType = sourcecode.swift; path = PomodoroModel.swift; sourceTree = "<group>"; };
		88E616F62B97DD29009BEB6F /* DateModel.swift */ = {isa = PBXFileReference; lastKnownFileType = sourcecode.swift; path = DateModel.swift; sourceTree = "<group>"; };
		88E616F92B97DD7E009BEB6F /* HealhKitService.swift */ = {isa = PBXFileReference; lastKnownFileType = sourcecode.swift; path = HealhKitService.swift; sourceTree = "<group>"; };
		88E616FB2B97DDB5009BEB6F /* LocalStorageService.swift */ = {isa = PBXFileReference; lastKnownFileType = sourcecode.swift; path = LocalStorageService.swift; sourceTree = "<group>"; };
		88E616FE2B97DE06009BEB6F /* RemainingMinutesView.swift */ = {isa = PBXFileReference; lastKnownFileType = sourcecode.swift; path = RemainingMinutesView.swift; sourceTree = "<group>"; };
		88E617042B97E818009BEB6F /* PomodoroResumeView.swift */ = {isa = PBXFileReference; lastKnownFileType = sourcecode.swift; path = PomodoroResumeView.swift; sourceTree = "<group>"; };
/* End PBXFileReference section */

/* Begin PBXFrameworksBuildPhase section */
		8841F4342B92E779000C3B58 /* Frameworks */ = {
			isa = PBXFrameworksBuildPhase;
			buildActionMask = 2147483647;
			files = (
			);
			runOnlyForDeploymentPostprocessing = 0;
		};
		8841F4462B92E77A000C3B58 /* Frameworks */ = {
			isa = PBXFrameworksBuildPhase;
			buildActionMask = 2147483647;
			files = (
			);
			runOnlyForDeploymentPostprocessing = 0;
		};
		8841F4502B92E77A000C3B58 /* Frameworks */ = {
			isa = PBXFrameworksBuildPhase;
			buildActionMask = 2147483647;
			files = (
			);
			runOnlyForDeploymentPostprocessing = 0;
		};
/* End PBXFrameworksBuildPhase section */

/* Begin PBXGroup section */
		8841F42A2B92E778000C3B58 = {
			isa = PBXGroup;
			children = (
				8841F43B2B92E779000C3B58 /* PulsePomodoro Watch App */,
				8841F44C2B92E77A000C3B58 /* PulsePomodoro Watch AppTests */,
				8841F4562B92E77A000C3B58 /* PulsePomodoro Watch AppUITests */,
				8841F4322B92E778000C3B58 /* Products */,
			);
			sourceTree = "<group>";
		};
		8841F4322B92E778000C3B58 /* Products */ = {
			isa = PBXGroup;
			children = (
				8841F4312B92E778000C3B58 /* PulsePomodoro.app */,
				8841F4372B92E779000C3B58 /* PulsePomodoro Watch App.app */,
				8841F4492B92E77A000C3B58 /* PulsePomodoro Watch AppTests.xctest */,
				8841F4532B92E77A000C3B58 /* PulsePomodoro Watch AppUITests.xctest */,
			);
			name = Products;
			sourceTree = "<group>";
		};
		8841F43B2B92E779000C3B58 /* PulsePomodoro Watch App */ = {
			isa = PBXGroup;
			children = (
				88E616FD2B97DDD7009BEB6F /* views */,
				88E616F82B97DD59009BEB6F /* services */,
				88E616F32B97DC92009BEB6F /* models */,
				88A8C16F2B9689A600B20D66 /* PulsePomodoro-Watch-App-Info.plist */,
				88A8C16B2B966DA300B20D66 /* PulsePomodoro Watch App.entitlements */,
				8841F43C2B92E779000C3B58 /* PulsePomodoroApp.swift */,
				8841F43E2B92E779000C3B58 /* ContentView.swift */,
				8841F4402B92E77A000C3B58 /* Assets.xcassets */,
				8841F4422B92E77A000C3B58 /* Preview Content */,
			);
			path = "PulsePomodoro Watch App";
			sourceTree = "<group>";
		};
		8841F4422B92E77A000C3B58 /* Preview Content */ = {
			isa = PBXGroup;
			children = (
				8841F4432B92E77A000C3B58 /* Preview Assets.xcassets */,
			);
			path = "Preview Content";
			sourceTree = "<group>";
		};
		8841F44C2B92E77A000C3B58 /* PulsePomodoro Watch AppTests */ = {
			isa = PBXGroup;
			children = (
				8841F44D2B92E77A000C3B58 /* PulsePomodoro_Watch_AppTests.swift */,
			);
			path = "PulsePomodoro Watch AppTests";
			sourceTree = "<group>";
		};
		8841F4562B92E77A000C3B58 /* PulsePomodoro Watch AppUITests */ = {
			isa = PBXGroup;
			children = (
				8841F4572B92E77A000C3B58 /* PulsePomodoro_Watch_AppUITests.swift */,
				8841F4592B92E77A000C3B58 /* PulsePomodoro_Watch_AppUITestsLaunchTests.swift */,
			);
			path = "PulsePomodoro Watch AppUITests";
			sourceTree = "<group>";
		};
		88E616F32B97DC92009BEB6F /* models */ = {
			isa = PBXGroup;
			children = (
				88E616F42B97DCD8009BEB6F /* PomodoroModel.swift */,
				88E616F62B97DD29009BEB6F /* DateModel.swift */,
			);
			path = models;
			sourceTree = "<group>";
		};
		88E616F82B97DD59009BEB6F /* services */ = {
			isa = PBXGroup;
			children = (
				88E616F92B97DD7E009BEB6F /* HealhKitService.swift */,
				88E616FB2B97DDB5009BEB6F /* LocalStorageService.swift */,
			);
			path = services;
			sourceTree = "<group>";
		};
		88E616FD2B97DDD7009BEB6F /* views */ = {
			isa = PBXGroup;
			children = (
				88E616FE2B97DE06009BEB6F /* RemainingMinutesView.swift */,
				88E617042B97E818009BEB6F /* PomodoroResumeView.swift */,
			);
			path = views;
			sourceTree = "<group>";
		};
/* End PBXGroup section */

/* Begin PBXNativeTarget section */
		8841F4302B92E778000C3B58 /* PulsePomodoro */ = {
			isa = PBXNativeTarget;
			buildConfigurationList = 8841F4612B92E77A000C3B58 /* Build configuration list for PBXNativeTarget "PulsePomodoro" */;
			buildPhases = (
				8841F42F2B92E778000C3B58 /* Resources */,
				8841F4602B92E77A000C3B58 /* Embed Watch Content */,
			);
			buildRules = (
			);
			dependencies = (
				8841F43A2B92E779000C3B58 /* PBXTargetDependency */,
			);
			name = PulsePomodoro;
			productName = PulsePomodoro;
			productReference = 8841F4312B92E778000C3B58 /* PulsePomodoro.app */;
			productType = "com.apple.product-type.application.watchapp2-container";
		};
		8841F4362B92E779000C3B58 /* PulsePomodoro Watch App */ = {
			isa = PBXNativeTarget;
			buildConfigurationList = 8841F45D2B92E77A000C3B58 /* Build configuration list for PBXNativeTarget "PulsePomodoro Watch App" */;
			buildPhases = (
				8841F4332B92E779000C3B58 /* Sources */,
				8841F4342B92E779000C3B58 /* Frameworks */,
				8841F4352B92E779000C3B58 /* Resources */,
			);
			buildRules = (
			);
			dependencies = (
			);
			name = "PulsePomodoro Watch App";
			productName = "PulsePomodoro Watch App";
			productReference = 8841F4372B92E779000C3B58 /* PulsePomodoro Watch App.app */;
			productType = "com.apple.product-type.application";
		};
		8841F4482B92E77A000C3B58 /* PulsePomodoro Watch AppTests */ = {
			isa = PBXNativeTarget;
			buildConfigurationList = 8841F4642B92E77A000C3B58 /* Build configuration list for PBXNativeTarget "PulsePomodoro Watch AppTests" */;
			buildPhases = (
				8841F4452B92E77A000C3B58 /* Sources */,
				8841F4462B92E77A000C3B58 /* Frameworks */,
				8841F4472B92E77A000C3B58 /* Resources */,
			);
			buildRules = (
			);
			dependencies = (
				8841F44B2B92E77A000C3B58 /* PBXTargetDependency */,
			);
			name = "PulsePomodoro Watch AppTests";
			productName = "PulsePomodoro Watch AppTests";
			productReference = 8841F4492B92E77A000C3B58 /* PulsePomodoro Watch AppTests.xctest */;
			productType = "com.apple.product-type.bundle.unit-test";
		};
		8841F4522B92E77A000C3B58 /* PulsePomodoro Watch AppUITests */ = {
			isa = PBXNativeTarget;
			buildConfigurationList = 8841F4672B92E77A000C3B58 /* Build configuration list for PBXNativeTarget "PulsePomodoro Watch AppUITests" */;
			buildPhases = (
				8841F44F2B92E77A000C3B58 /* Sources */,
				8841F4502B92E77A000C3B58 /* Frameworks */,
				8841F4512B92E77A000C3B58 /* Resources */,
			);
			buildRules = (
			);
			dependencies = (
				8841F4552B92E77A000C3B58 /* PBXTargetDependency */,
			);
			name = "PulsePomodoro Watch AppUITests";
			productName = "PulsePomodoro Watch AppUITests";
			productReference = 8841F4532B92E77A000C3B58 /* PulsePomodoro Watch AppUITests.xctest */;
			productType = "com.apple.product-type.bundle.ui-testing";
		};
/* End PBXNativeTarget section */

/* Begin PBXProject section */
		8841F42B2B92E778000C3B58 /* Project object */ = {
			isa = PBXProject;
			attributes = {
				BuildIndependentTargetsInParallel = 1;
				LastSwiftUpdateCheck = 1520;
				LastUpgradeCheck = 1520;
				TargetAttributes = {
					8841F4302B92E778000C3B58 = {
						CreatedOnToolsVersion = 15.2;
					};
					8841F4362B92E779000C3B58 = {
						CreatedOnToolsVersion = 15.2;
					};
					8841F4482B92E77A000C3B58 = {
						CreatedOnToolsVersion = 15.2;
						TestTargetID = 8841F4362B92E779000C3B58;
					};
					8841F4522B92E77A000C3B58 = {
						CreatedOnToolsVersion = 15.2;
						TestTargetID = 8841F4362B92E779000C3B58;
					};
				};
			};
			buildConfigurationList = 8841F42E2B92E778000C3B58 /* Build configuration list for PBXProject "PulsePomodoro" */;
			compatibilityVersion = "Xcode 15.0";
			developmentRegion = en;
			hasScannedForEncodings = 0;
			knownRegions = (
				en,
				Base,
			);
			mainGroup = 8841F42A2B92E778000C3B58;
			productRefGroup = 8841F4322B92E778000C3B58 /* Products */;
			projectDirPath = "";
			projectRoot = "";
			targets = (
				8841F4302B92E778000C3B58 /* PulsePomodoro */,
				8841F4362B92E779000C3B58 /* PulsePomodoro Watch App */,
				8841F4482B92E77A000C3B58 /* PulsePomodoro Watch AppTests */,
				8841F4522B92E77A000C3B58 /* PulsePomodoro Watch AppUITests */,
			);
		};
/* End PBXProject section */

/* Begin PBXResourcesBuildPhase section */
		8841F42F2B92E778000C3B58 /* Resources */ = {
			isa = PBXResourcesBuildPhase;
			buildActionMask = 2147483647;
			files = (
			);
			runOnlyForDeploymentPostprocessing = 0;
		};
		8841F4352B92E779000C3B58 /* Resources */ = {
			isa = PBXResourcesBuildPhase;
			buildActionMask = 2147483647;
			files = (
				8841F4442B92E77A000C3B58 /* Preview Assets.xcassets in Resources */,
				8841F4412B92E77A000C3B58 /* Assets.xcassets in Resources */,
			);
			runOnlyForDeploymentPostprocessing = 0;
		};
		8841F4472B92E77A000C3B58 /* Resources */ = {
			isa = PBXResourcesBuildPhase;
			buildActionMask = 2147483647;
			files = (
			);
			runOnlyForDeploymentPostprocessing = 0;
		};
		8841F4512B92E77A000C3B58 /* Resources */ = {
			isa = PBXResourcesBuildPhase;
			buildActionMask = 2147483647;
			files = (
			);
			runOnlyForDeploymentPostprocessing = 0;
		};
/* End PBXResourcesBuildPhase section */

/* Begin PBXSourcesBuildPhase section */
		8841F4332B92E779000C3B58 /* Sources */ = {
			isa = PBXSourcesBuildPhase;
			buildActionMask = 2147483647;
			files = (
				88E616FA2B97DD7E009BEB6F /* HealhKitService.swift in Sources */,
				88E616FC2B97DDB5009BEB6F /* LocalStorageService.swift in Sources */,
				88E616F52B97DCD8009BEB6F /* PomodoroModel.swift in Sources */,
				88E616F72B97DD29009BEB6F /* DateModel.swift in Sources */,
				88E616FF2B97DE06009BEB6F /* RemainingMinutesView.swift in Sources */,
				8841F43F2B92E779000C3B58 /* ContentView.swift in Sources */,
				88E617052B97E818009BEB6F /* PomodoroResumeView.swift in Sources */,
				8841F43D2B92E779000C3B58 /* PulsePomodoroApp.swift in Sources */,
			);
			runOnlyForDeploymentPostprocessing = 0;
		};
		8841F4452B92E77A000C3B58 /* Sources */ = {
			isa = PBXSourcesBuildPhase;
			buildActionMask = 2147483647;
			files = (
				8841F44E2B92E77A000C3B58 /* PulsePomodoro_Watch_AppTests.swift in Sources */,
			);
			runOnlyForDeploymentPostprocessing = 0;
		};
		8841F44F2B92E77A000C3B58 /* Sources */ = {
			isa = PBXSourcesBuildPhase;
			buildActionMask = 2147483647;
			files = (
				8841F4582B92E77A000C3B58 /* PulsePomodoro_Watch_AppUITests.swift in Sources */,
				8841F45A2B92E77A000C3B58 /* PulsePomodoro_Watch_AppUITestsLaunchTests.swift in Sources */,
			);
			runOnlyForDeploymentPostprocessing = 0;
		};
/* End PBXSourcesBuildPhase section */

/* Begin PBXTargetDependency section */
		8841F43A2B92E779000C3B58 /* PBXTargetDependency */ = {
			isa = PBXTargetDependency;
			target = 8841F4362B92E779000C3B58 /* PulsePomodoro Watch App */;
			targetProxy = 8841F4392B92E779000C3B58 /* PBXContainerItemProxy */;
		};
		8841F44B2B92E77A000C3B58 /* PBXTargetDependency */ = {
			isa = PBXTargetDependency;
			target = 8841F4362B92E779000C3B58 /* PulsePomodoro Watch App */;
			targetProxy = 8841F44A2B92E77A000C3B58 /* PBXContainerItemProxy */;
		};
		8841F4552B92E77A000C3B58 /* PBXTargetDependency */ = {
			isa = PBXTargetDependency;
			target = 8841F4362B92E779000C3B58 /* PulsePomodoro Watch App */;
			targetProxy = 8841F4542B92E77A000C3B58 /* PBXContainerItemProxy */;
		};
/* End PBXTargetDependency section */

/* Begin XCBuildConfiguration section */
		8841F45B2B92E77A000C3B58 /* Debug */ = {
			isa = XCBuildConfiguration;
			buildSettings = {
				ALWAYS_SEARCH_USER_PATHS = NO;
				ASSETCATALOG_COMPILER_GENERATE_SWIFT_ASSET_SYMBOL_EXTENSIONS = YES;
				CLANG_ANALYZER_NONNULL = YES;
				CLANG_ANALYZER_NUMBER_OBJECT_CONVERSION = YES_AGGRESSIVE;
				CLANG_CXX_LANGUAGE_STANDARD = "gnu++20";
				CLANG_ENABLE_MODULES = YES;
				CLANG_ENABLE_OBJC_ARC = YES;
				CLANG_ENABLE_OBJC_WEAK = YES;
				CLANG_WARN_BLOCK_CAPTURE_AUTORELEASING = YES;
				CLANG_WARN_BOOL_CONVERSION = YES;
				CLANG_WARN_COMMA = YES;
				CLANG_WARN_CONSTANT_CONVERSION = YES;
				CLANG_WARN_DEPRECATED_OBJC_IMPLEMENTATIONS = YES;
				CLANG_WARN_DIRECT_OBJC_ISA_USAGE = YES_ERROR;
				CLANG_WARN_DOCUMENTATION_COMMENTS = YES;
				CLANG_WARN_EMPTY_BODY = YES;
				CLANG_WARN_ENUM_CONVERSION = YES;
				CLANG_WARN_INFINITE_RECURSION = YES;
				CLANG_WARN_INT_CONVERSION = YES;
				CLANG_WARN_NON_LITERAL_NULL_CONVERSION = YES;
				CLANG_WARN_OBJC_IMPLICIT_RETAIN_SELF = YES;
				CLANG_WARN_OBJC_LITERAL_CONVERSION = YES;
				CLANG_WARN_OBJC_ROOT_CLASS = YES_ERROR;
				CLANG_WARN_QUOTED_INCLUDE_IN_FRAMEWORK_HEADER = YES;
				CLANG_WARN_RANGE_LOOP_ANALYSIS = YES;
				CLANG_WARN_STRICT_PROTOTYPES = YES;
				CLANG_WARN_SUSPICIOUS_MOVE = YES;
				CLANG_WARN_UNGUARDED_AVAILABILITY = YES_AGGRESSIVE;
				CLANG_WARN_UNREACHABLE_CODE = YES;
				CLANG_WARN__DUPLICATE_METHOD_MATCH = YES;
				COPY_PHASE_STRIP = NO;
				DEBUG_INFORMATION_FORMAT = dwarf;
				ENABLE_STRICT_OBJC_MSGSEND = YES;
				ENABLE_TESTABILITY = YES;
				ENABLE_USER_SCRIPT_SANDBOXING = YES;
				GCC_C_LANGUAGE_STANDARD = gnu17;
				GCC_DYNAMIC_NO_PIC = NO;
				GCC_NO_COMMON_BLOCKS = YES;
				GCC_OPTIMIZATION_LEVEL = 0;
				GCC_PREPROCESSOR_DEFINITIONS = (
					"DEBUG=1",
					"$(inherited)",
				);
				GCC_WARN_64_TO_32_BIT_CONVERSION = YES;
				GCC_WARN_ABOUT_RETURN_TYPE = YES_ERROR;
				GCC_WARN_UNDECLARED_SELECTOR = YES;
				GCC_WARN_UNINITIALIZED_AUTOS = YES_AGGRESSIVE;
				GCC_WARN_UNUSED_FUNCTION = YES;
				GCC_WARN_UNUSED_VARIABLE = YES;
				LOCALIZATION_PREFERS_STRING_CATALOGS = YES;
				MTL_ENABLE_DEBUG_INFO = INCLUDE_SOURCE;
				MTL_FAST_MATH = YES;
				NEW_SETTING = "";
				ONLY_ACTIVE_ARCH = YES;
				SWIFT_ACTIVE_COMPILATION_CONDITIONS = "DEBUG $(inherited)";
				SWIFT_OPTIMIZATION_LEVEL = "-Onone";
			};
			name = Debug;
		};
		8841F45C2B92E77A000C3B58 /* Release */ = {
			isa = XCBuildConfiguration;
			buildSettings = {
				ALWAYS_SEARCH_USER_PATHS = NO;
				ASSETCATALOG_COMPILER_GENERATE_SWIFT_ASSET_SYMBOL_EXTENSIONS = YES;
				CLANG_ANALYZER_NONNULL = YES;
				CLANG_ANALYZER_NUMBER_OBJECT_CONVERSION = YES_AGGRESSIVE;
				CLANG_CXX_LANGUAGE_STANDARD = "gnu++20";
				CLANG_ENABLE_MODULES = YES;
				CLANG_ENABLE_OBJC_ARC = YES;
				CLANG_ENABLE_OBJC_WEAK = YES;
				CLANG_WARN_BLOCK_CAPTURE_AUTORELEASING = YES;
				CLANG_WARN_BOOL_CONVERSION = YES;
				CLANG_WARN_COMMA = YES;
				CLANG_WARN_CONSTANT_CONVERSION = YES;
				CLANG_WARN_DEPRECATED_OBJC_IMPLEMENTATIONS = YES;
				CLANG_WARN_DIRECT_OBJC_ISA_USAGE = YES_ERROR;
				CLANG_WARN_DOCUMENTATION_COMMENTS = YES;
				CLANG_WARN_EMPTY_BODY = YES;
				CLANG_WARN_ENUM_CONVERSION = YES;
				CLANG_WARN_INFINITE_RECURSION = YES;
				CLANG_WARN_INT_CONVERSION = YES;
				CLANG_WARN_NON_LITERAL_NULL_CONVERSION = YES;
				CLANG_WARN_OBJC_IMPLICIT_RETAIN_SELF = YES;
				CLANG_WARN_OBJC_LITERAL_CONVERSION = YES;
				CLANG_WARN_OBJC_ROOT_CLASS = YES_ERROR;
				CLANG_WARN_QUOTED_INCLUDE_IN_FRAMEWORK_HEADER = YES;
				CLANG_WARN_RANGE_LOOP_ANALYSIS = YES;
				CLANG_WARN_STRICT_PROTOTYPES = YES;
				CLANG_WARN_SUSPICIOUS_MOVE = YES;
				CLANG_WARN_UNGUARDED_AVAILABILITY = YES_AGGRESSIVE;
				CLANG_WARN_UNREACHABLE_CODE = YES;
				CLANG_WARN__DUPLICATE_METHOD_MATCH = YES;
				COPY_PHASE_STRIP = NO;
				DEBUG_INFORMATION_FORMAT = "dwarf-with-dsym";
				ENABLE_NS_ASSERTIONS = NO;
				ENABLE_STRICT_OBJC_MSGSEND = YES;
				ENABLE_USER_SCRIPT_SANDBOXING = YES;
				GCC_C_LANGUAGE_STANDARD = gnu17;
				GCC_NO_COMMON_BLOCKS = YES;
				GCC_WARN_64_TO_32_BIT_CONVERSION = YES;
				GCC_WARN_ABOUT_RETURN_TYPE = YES_ERROR;
				GCC_WARN_UNDECLARED_SELECTOR = YES;
				GCC_WARN_UNINITIALIZED_AUTOS = YES_AGGRESSIVE;
				GCC_WARN_UNUSED_FUNCTION = YES;
				GCC_WARN_UNUSED_VARIABLE = YES;
				LOCALIZATION_PREFERS_STRING_CATALOGS = YES;
				MTL_ENABLE_DEBUG_INFO = NO;
				MTL_FAST_MATH = YES;
				NEW_SETTING = "";
				SWIFT_COMPILATION_MODE = wholemodule;
			};
			name = Release;
		};
		8841F45E2B92E77A000C3B58 /* Debug */ = {
			isa = XCBuildConfiguration;
			buildSettings = {
				ASSETCATALOG_COMPILER_APPICON_NAME = AppIcon;
				ASSETCATALOG_COMPILER_GLOBAL_ACCENT_COLOR_NAME = AccentColor;
				ASSETCATALOG_COMPILER_INCLUDE_ALL_APPICON_ASSETS = NO;
				CODE_SIGN_ENTITLEMENTS = "PulsePomodoro Watch App/PulsePomodoro Watch App.entitlements";
				CODE_SIGN_STYLE = Automatic;
				CURRENT_PROJECT_VERSION = 2;
				DEVELOPMENT_ASSET_PATHS = "\"PulsePomodoro Watch App/Preview Content\"";
				DEVELOPMENT_TEAM = 4KWUX6ULKJ;
				ENABLE_PREVIEWS = YES;
				GENERATE_INFOPLIST_FILE = YES;
				INFOPLIST_FILE = "PulsePomodoro-Watch-App-Info.plist";
				INFOPLIST_KEY_CFBundleDisplayName = "Pulse Pomodoro";
				INFOPLIST_KEY_LSApplicationCategoryType = "public.app-category.productivity";
				INFOPLIST_KEY_NSHealthShareUsageDescription = HKQuantityTypeIdentifierHeartRate;
				INFOPLIST_KEY_UISupportedInterfaceOrientations = "UIInterfaceOrientationPortrait UIInterfaceOrientationPortraitUpsideDown";
				INFOPLIST_KEY_WKWatchOnly = YES;
				LD_RUNPATH_SEARCH_PATHS = (
					"$(inherited)",
					"@executable_path/Frameworks",
				);
				MARKETING_VERSION = 1.0.1;
				PRODUCT_BUNDLE_IDENTIFIER = com.mateus.PulsePomodoro.watchkitapp;
				PRODUCT_NAME = "$(TARGET_NAME)";
				SDKROOT = watchos;
				SKIP_INSTALL = YES;
				SWIFT_EMIT_LOC_STRINGS = YES;
				SWIFT_VERSION = 5.0;
				TARGETED_DEVICE_FAMILY = 4;
				WATCHOS_DEPLOYMENT_TARGET = 10.2;
			};
			name = Debug;
		};
		8841F45F2B92E77A000C3B58 /* Release */ = {
			isa = XCBuildConfiguration;
			buildSettings = {
				ASSETCATALOG_COMPILER_APPICON_NAME = AppIcon;
				ASSETCATALOG_COMPILER_GLOBAL_ACCENT_COLOR_NAME = AccentColor;
				ASSETCATALOG_COMPILER_INCLUDE_ALL_APPICON_ASSETS = NO;
				CODE_SIGN_ENTITLEMENTS = "PulsePomodoro Watch App/PulsePomodoro Watch App.entitlements";
				CODE_SIGN_STYLE = Automatic;
				CURRENT_PROJECT_VERSION = 2;
				DEVELOPMENT_ASSET_PATHS = "\"PulsePomodoro Watch App/Preview Content\"";
				DEVELOPMENT_TEAM = 4KWUX6ULKJ;
				ENABLE_PREVIEWS = YES;
				GENERATE_INFOPLIST_FILE = YES;
				INFOPLIST_FILE = "PulsePomodoro-Watch-App-Info.plist";
				INFOPLIST_KEY_CFBundleDisplayName = "Pulse Pomodoro";
				INFOPLIST_KEY_LSApplicationCategoryType = "public.app-category.productivity";
				INFOPLIST_KEY_NSHealthShareUsageDescription = HKQuantityTypeIdentifierHeartRate;
				INFOPLIST_KEY_UISupportedInterfaceOrientations = "UIInterfaceOrientationPortrait UIInterfaceOrientationPortraitUpsideDown";
				INFOPLIST_KEY_WKWatchOnly = YES;
				LD_RUNPATH_SEARCH_PATHS = (
					"$(inherited)",
					"@executable_path/Frameworks",
				);
				MARKETING_VERSION = 1.0.1;
				PRODUCT_BUNDLE_IDENTIFIER = com.mateus.PulsePomodoro.watchkitapp;
				PRODUCT_NAME = "$(TARGET_NAME)";
				SDKROOT = watchos;
				SKIP_INSTALL = YES;
				SWIFT_EMIT_LOC_STRINGS = YES;
				SWIFT_VERSION = 5.0;
				TARGETED_DEVICE_FAMILY = 4;
				VALIDATE_PRODUCT = YES;
				WATCHOS_DEPLOYMENT_TARGET = 10.2;
			};
			name = Release;
		};
		8841F4622B92E77A000C3B58 /* Debug */ = {
			isa = XCBuildConfiguration;
			buildSettings = {
				ALWAYS_EMBED_SWIFT_STANDARD_LIBRARIES = YES;
				CODE_SIGN_STYLE = Automatic;
				CURRENT_PROJECT_VERSION = 2;
				DEVELOPMENT_TEAM = 4KWUX6ULKJ;
				INFOPLIST_KEY_CFBundleDisplayName = PulsePomodoro;
				MARKETING_VERSION = 1.0.1;
				PRODUCT_BUNDLE_IDENTIFIER = com.mateus.PulsePomodoro;
				PRODUCT_NAME = "$(TARGET_NAME)";
				SDKROOT = iphoneos;
				SWIFT_VERSION = 5.0;
			};
			name = Debug;
		};
		8841F4632B92E77A000C3B58 /* Release */ = {
			isa = XCBuildConfiguration;
			buildSettings = {
				ALWAYS_EMBED_SWIFT_STANDARD_LIBRARIES = YES;
				CODE_SIGN_STYLE = Automatic;
				CURRENT_PROJECT_VERSION = 2;
				DEVELOPMENT_TEAM = 4KWUX6ULKJ;
				INFOPLIST_KEY_CFBundleDisplayName = PulsePomodoro;
				MARKETING_VERSION = 1.0.1;
				PRODUCT_BUNDLE_IDENTIFIER = com.mateus.PulsePomodoro;
				PRODUCT_NAME = "$(TARGET_NAME)";
				SDKROOT = iphoneos;
				SWIFT_VERSION = 5.0;
				VALIDATE_PRODUCT = YES;
			};
			name = Release;
		};
		8841F4652B92E77A000C3B58 /* Debug */ = {
			isa = XCBuildConfiguration;
			buildSettings = {
				ALWAYS_EMBED_SWIFT_STANDARD_LIBRARIES = YES;
				BUNDLE_LOADER = "$(TEST_HOST)";
				CODE_SIGN_STYLE = Automatic;
				CURRENT_PROJECT_VERSION = 2;
				DEVELOPMENT_TEAM = 4KWUX6ULKJ;
				GENERATE_INFOPLIST_FILE = YES;
				MARKETING_VERSION = 1.0.1;
				PRODUCT_BUNDLE_IDENTIFIER = "com.mateus.PulsePomodoro-Watch-AppTests";
				PRODUCT_NAME = "$(TARGET_NAME)";
				SDKROOT = watchos;
				SWIFT_EMIT_LOC_STRINGS = NO;
				SWIFT_VERSION = 5.0;
				TARGETED_DEVICE_FAMILY = 4;
				TEST_HOST = "$(BUILT_PRODUCTS_DIR)/PulsePomodoro Watch App.app/$(BUNDLE_EXECUTABLE_FOLDER_PATH)/PulsePomodoro Watch App";
				WATCHOS_DEPLOYMENT_TARGET = 10.2;
			};
			name = Debug;
		};
		8841F4662B92E77A000C3B58 /* Release */ = {
			isa = XCBuildConfiguration;
			buildSettings = {
				ALWAYS_EMBED_SWIFT_STANDARD_LIBRARIES = YES;
				BUNDLE_LOADER = "$(TEST_HOST)";
				CODE_SIGN_STYLE = Automatic;
				CURRENT_PROJECT_VERSION = 2;
				DEVELOPMENT_TEAM = 4KWUX6ULKJ;
				GENERATE_INFOPLIST_FILE = YES;
				MARKETING_VERSION = 1.0.1;
				PRODUCT_BUNDLE_IDENTIFIER = "com.mateus.PulsePomodoro-Watch-AppTests";
				PRODUCT_NAME = "$(TARGET_NAME)";
				SDKROOT = watchos;
				SWIFT_EMIT_LOC_STRINGS = NO;
				SWIFT_VERSION = 5.0;
				TARGETED_DEVICE_FAMILY = 4;
				TEST_HOST = "$(BUILT_PRODUCTS_DIR)/PulsePomodoro Watch App.app/$(BUNDLE_EXECUTABLE_FOLDER_PATH)/PulsePomodoro Watch App";
				VALIDATE_PRODUCT = YES;
				WATCHOS_DEPLOYMENT_TARGET = 10.2;
			};
			name = Release;
		};
		8841F4682B92E77A000C3B58 /* Debug */ = {
			isa = XCBuildConfiguration;
			buildSettings = {
				ALWAYS_EMBED_SWIFT_STANDARD_LIBRARIES = YES;
				CODE_SIGN_STYLE = Automatic;
				CURRENT_PROJECT_VERSION = 2;
				DEVELOPMENT_TEAM = 4KWUX6ULKJ;
				GENERATE_INFOPLIST_FILE = YES;
				MARKETING_VERSION = 1.0.1;
				PRODUCT_BUNDLE_IDENTIFIER = "com.mateus.PulsePomodoro-Watch-AppUITests";
				PRODUCT_NAME = "$(TARGET_NAME)";
				SDKROOT = watchos;
				SWIFT_EMIT_LOC_STRINGS = NO;
				SWIFT_VERSION = 5.0;
				TARGETED_DEVICE_FAMILY = 4;
				TEST_TARGET_NAME = "PulsePomodoro Watch App";
				WATCHOS_DEPLOYMENT_TARGET = 10.2;
			};
			name = Debug;
		};
		8841F4692B92E77A000C3B58 /* Release */ = {
			isa = XCBuildConfiguration;
			buildSettings = {
				ALWAYS_EMBED_SWIFT_STANDARD_LIBRARIES = YES;
				CODE_SIGN_STYLE = Automatic;
				CURRENT_PROJECT_VERSION = 2;
				DEVELOPMENT_TEAM = 4KWUX6ULKJ;
				GENERATE_INFOPLIST_FILE = YES;
				MARKETING_VERSION = 1.0.1;
				PRODUCT_BUNDLE_IDENTIFIER = "com.mateus.PulsePomodoro-Watch-AppUITests";
				PRODUCT_NAME = "$(TARGET_NAME)";
				SDKROOT = watchos;
				SWIFT_EMIT_LOC_STRINGS = NO;
				SWIFT_VERSION = 5.0;
				TARGETED_DEVICE_FAMILY = 4;
				TEST_TARGET_NAME = "PulsePomodoro Watch App";
				VALIDATE_PRODUCT = YES;
				WATCHOS_DEPLOYMENT_TARGET = 10.2;
			};
			name = Release;
		};
/* End XCBuildConfiguration section */

/* Begin XCConfigurationList section */
		8841F42E2B92E778000C3B58 /* Build configuration list for PBXProject "PulsePomodoro" */ = {
			isa = XCConfigurationList;
			buildConfigurations = (
				8841F45B2B92E77A000C3B58 /* Debug */,
				8841F45C2B92E77A000C3B58 /* Release */,
			);
			defaultConfigurationIsVisible = 0;
			defaultConfigurationName = Release;
		};
		8841F45D2B92E77A000C3B58 /* Build configuration list for PBXNativeTarget "PulsePomodoro Watch App" */ = {
			isa = XCConfigurationList;
			buildConfigurations = (
				8841F45E2B92E77A000C3B58 /* Debug */,
				8841F45F2B92E77A000C3B58 /* Release */,
			);
			defaultConfigurationIsVisible = 0;
			defaultConfigurationName = Release;
		};
		8841F4612B92E77A000C3B58 /* Build configuration list for PBXNativeTarget "PulsePomodoro" */ = {
			isa = XCConfigurationList;
			buildConfigurations = (
				8841F4622B92E77A000C3B58 /* Debug */,
				8841F4632B92E77A000C3B58 /* Release */,
			);
			defaultConfigurationIsVisible = 0;
			defaultConfigurationName = Release;
		};
		8841F4642B92E77A000C3B58 /* Build configuration list for PBXNativeTarget "PulsePomodoro Watch AppTests" */ = {
			isa = XCConfigurationList;
			buildConfigurations = (
				8841F4652B92E77A000C3B58 /* Debug */,
				8841F4662B92E77A000C3B58 /* Release */,
			);
			defaultConfigurationIsVisible = 0;
			defaultConfigurationName = Release;
		};
		8841F4672B92E77A000C3B58 /* Build configuration list for PBXNativeTarget "PulsePomodoro Watch AppUITests" */ = {
			isa = XCConfigurationList;
			buildConfigurations = (
				8841F4682B92E77A000C3B58 /* Debug */,
				8841F4692B92E77A000C3B58 /* Release */,
			);
			defaultConfigurationIsVisible = 0;
			defaultConfigurationName = Release;
		};
/* End XCConfigurationList section */
	};
	rootObject = 8841F42B2B92E778000C3B58 /* Project object */;
}
